
Microsoft Visual Studio Solution File, Format Version 12.00
Project("{FAE04EC0-301F-11D3-BF4B-00C04F79EFBC}") = "1-HistorianHysteria", "1-HistorianHysteria\1-HistorianHysteria.csproj", "{1D811CAF-9D47-41A2-87A6-7FF5A8C81443}"
EndProject
Project("{FAE04EC0-301F-11D3-BF4B-00C04F79EFBC}") = "2-RedNosedReports", "2-RedNosedReports\2-RedNosedReports.csproj", "{92E3BC11-99DB-4D62-9349-DBD39AA0C7B5}"
EndProject
Global
	GlobalSection(SolutionConfigurationPlatforms) = preSolution
		Debug|Any CPU = Debug|Any CPU
		Release|Any CPU = Release|Any CPU
	EndGlobalSection
	GlobalSection(ProjectConfigurationPlatforms) = postSolution
		{1D811CAF-9D47-41A2-87A6-7FF5A8C81443}.Debug|Any CPU.ActiveCfg = Debug|Any CPU
		{1D811CAF-9D47-41A2-87A6-7FF5A8C81443}.Debug|Any CPU.Build.0 = Debug|Any CPU
		{1D811CAF-9D47-41A2-87A6-7FF5A8C81443}.Release|Any CPU.ActiveCfg = Release|Any CPU
		{1D811CAF-9D47-41A2-87A6-7FF5A8C81443}.Release|Any CPU.Build.0 = Release|Any CPU
		{92E3BC11-99DB-4D62-9349-DBD39AA0C7B5}.Debug|Any CPU.ActiveCfg = Debug|Any CPU
		{92E3BC11-99DB-4D62-9349-DBD39AA0C7B5}.Debug|Any CPU.Build.0 = Debug|Any CPU
		{92E3BC11-99DB-4D62-9349-DBD39AA0C7B5}.Release|Any CPU.ActiveCfg = Release|Any CPU
		{92E3BC11-99DB-4D62-9349-DBD39AA0C7B5}.Release|Any CPU.Build.0 = Release|Any CPU
	EndGlobalSection
EndGlobal
